
Microsoft Visual Studio Solution File, Format Version 12.00
# Visual Studio Version 17
VisualStudioVersion = 17.4.33205.214
MinimumVisualStudioVersion = 10.0.40219.1
Project("{FAE04EC0-301F-11D3-BF4B-00C04F79EFBC}") = "RUCP.MessagePack.Generator", "RUCP.MessagePack.Generator\RUCP.MessagePack.Generator.csproj", "{7A19DF80-4D1F-4E23-B586-2A11675B6980}"
EndProject
Global
	GlobalSection(SolutionConfigurationPlatforms) = preSolution
		Debug|Any CPU = Debug|Any CPU
		Release|Any CPU = Release|Any CPU
	EndGlobalSection
	GlobalSection(ProjectConfigurationPlatforms) = postSolution
		{7A19DF80-4D1F-4E23-B586-2A11675B6980}.Debug|Any CPU.ActiveCfg = Debug|Any CPU
		{7A19DF80-4D1F-4E23-B586-2A11675B6980}.Debug|Any CPU.Build.0 = Debug|Any CPU
		{7A19DF80-4D1F-4E23-B586-2A11675B6980}.Release|Any CPU.ActiveCfg = Release|Any CPU
		{7A19DF80-4D1F-4E23-B586-2A11675B6980}.Release|Any CPU.Build.0 = Release|Any CPU
	EndGlobalSection
	GlobalSection(SolutionProperties) = preSolution
		HideSolutionNode = FALSE
	EndGlobalSection
	GlobalSection(ExtensibilityGlobals) = postSolution
		SolutionGuid = {87D9872F-2F77-418D-9E7F-96AA6F54DC16}
	EndGlobalSection
EndGlobal
